
Microsoft Visual Studio Solution File, Format Version 12.00
# Visual Studio Version 17
VisualStudioVersion = 17.5.33627.172
MinimumVisualStudioVersion = 10.0.40219.1
Project("{2150E333-8FDC-42A3-9474-1A3956D46DE8}") = "90 Presentation", "90 Presentation", "{11FE64B2-51EE-4417-A26A-471352B25854}"
EndProject
Project("{2150E333-8FDC-42A3-9474-1A3956D46DE8}") = "60 ApplicationServices", "60 ApplicationServices", "{DEBC9690-E88C-4A28-8C87-91BCA23B7331}"
EndProject
Project("{9A19103F-16F7-4668-BE54-9A1E7A4F7556}") = "BrewUp.Warehouses.ApplicationServices", "BrewUp.Warehouses.ApplicationServices\BrewUp.Warehouses.ApplicationServices.csproj", "{13B78E1A-AB0A-4EE0-A442-83CCBDB8C954}"
EndProject
Project("{2150E333-8FDC-42A3-9474-1A3956D46DE8}") = "40 ReadModel", "40 ReadModel", "{258E9590-22EA-4119-91CA-D67A9FD5E3EB}"
EndProject
Project("{9A19103F-16F7-4668-BE54-9A1E7A4F7556}") = "BrewUp.Warehouses.ReadModel", "BrewUp.Warehouses.ReadModel\BrewUp.Warehouses.ReadModel.csproj", "{FF3B8FF9-F0C5-450F-ABBB-3049C42EF32B}"
EndProject
Project("{2150E333-8FDC-42A3-9474-1A3956D46DE8}") = "50 Infrastructures", "50 Infrastructures", "{263DF843-6A5E-4D6A-985F-75DB68AA781A}"
EndProject
Project("{9A19103F-16F7-4668-BE54-9A1E7A4F7556}") = "BrewUp.Warehouses.Infrastructure", "BrewUp.Warehouses.Infrastructure\BrewUp.Warehouses.Infrastructure.csproj", "{49809E19-499A-4A43-85DB-1342722A7110}"
EndProject
Project("{2150E333-8FDC-42A3-9474-1A3956D46DE8}") = "30 Shared", "30 Shared", "{2E2D0DEB-C3F5-4127-89B4-D60D52E20EF1}"
EndProject
Project("{9A19103F-16F7-4668-BE54-9A1E7A4F7556}") = "BrewUp.Warehouses.Rest", "BrewUp.Warehouses.Rest\BrewUp.Warehouses.Rest.csproj", "{6516C247-4C11-4C5E-A064-365ABE37D129}"
EndProject
Project("{9A19103F-16F7-4668-BE54-9A1E7A4F7556}") = "BrewUp.Warehouses.Messages", "BrewUp.Warehouses.Messages\BrewUp.Warehouses.Messages.csproj", "{FAFB661C-D0B9-45EF-BF1B-A236DEF5EEB7}"
EndProject
Project("{9A19103F-16F7-4668-BE54-9A1E7A4F7556}") = "BrewUp.Warehouses.SharedKernel", "BrewUp.Warehouses.SharedKernel\BrewUp.Warehouses.SharedKernel.csproj", "{6976C6F8-19BE-4D36-B92B-B5B81CA11323}"
EndProject
Project("{2150E333-8FDC-42A3-9474-1A3956D46DE8}") = "10 Domain", "10 Domain", "{7811CCBE-281F-4A44-B567-3BD61B432EA9}"
EndProject
Project("{9A19103F-16F7-4668-BE54-9A1E7A4F7556}") = "BrewUp.Warehouses.Domain", "BrewUp.Warehouses.Domain\BrewUp.Warehouses.Domain.csproj", "{8AB0FAAF-341B-407F-A83B-5CE74638DB5D}"
EndProject
Project("{2150E333-8FDC-42A3-9474-1A3956D46DE8}") = "Tests", "Tests", "{77B62913-FD1D-4079-B1EE-4EDA29388B73}"
EndProject
Project("{9A19103F-16F7-4668-BE54-9A1E7A4F7556}") = "BrewUp.Warehouses.Domain.Tests", "BrewUp.Warehouses.Domain.Tests\BrewUp.Warehouses.Domain.Tests.csproj", "{2F35073D-0AE5-4CEA-A3C0-0EB1559669A1}"
EndProject
Global
	GlobalSection(SolutionConfigurationPlatforms) = preSolution
		Debug|Any CPU = Debug|Any CPU
		Release|Any CPU = Release|Any CPU
	EndGlobalSection
	GlobalSection(ProjectConfigurationPlatforms) = postSolution
		{13B78E1A-AB0A-4EE0-A442-83CCBDB8C954}.Debug|Any CPU.ActiveCfg = Debug|Any CPU
		{13B78E1A-AB0A-4EE0-A442-83CCBDB8C954}.Debug|Any CPU.Build.0 = Debug|Any CPU
		{13B78E1A-AB0A-4EE0-A442-83CCBDB8C954}.Release|Any CPU.ActiveCfg = Release|Any CPU
		{13B78E1A-AB0A-4EE0-A442-83CCBDB8C954}.Release|Any CPU.Build.0 = Release|Any CPU
		{FF3B8FF9-F0C5-450F-ABBB-3049C42EF32B}.Debug|Any CPU.ActiveCfg = Debug|Any CPU
		{FF3B8FF9-F0C5-450F-ABBB-3049C42EF32B}.Debug|Any CPU.Build.0 = Debug|Any CPU
		{FF3B8FF9-F0C5-450F-ABBB-3049C42EF32B}.Release|Any CPU.ActiveCfg = Release|Any CPU
		{FF3B8FF9-F0C5-450F-ABBB-3049C42EF32B}.Release|Any CPU.Build.0 = Release|Any CPU
		{49809E19-499A-4A43-85DB-1342722A7110}.Debug|Any CPU.ActiveCfg = Debug|Any CPU
		{49809E19-499A-4A43-85DB-1342722A7110}.Debug|Any CPU.Build.0 = Debug|Any CPU
		{49809E19-499A-4A43-85DB-1342722A7110}.Release|Any CPU.ActiveCfg = Release|Any CPU
		{49809E19-499A-4A43-85DB-1342722A7110}.Release|Any CPU.Build.0 = Release|Any CPU
		{6516C247-4C11-4C5E-A064-365ABE37D129}.Debug|Any CPU.ActiveCfg = Debug|Any CPU
		{6516C247-4C11-4C5E-A064-365ABE37D129}.Debug|Any CPU.Build.0 = Debug|Any CPU
		{6516C247-4C11-4C5E-A064-365ABE37D129}.Release|Any CPU.ActiveCfg = Release|Any CPU
		{6516C247-4C11-4C5E-A064-365ABE37D129}.Release|Any CPU.Build.0 = Release|Any CPU
		{FAFB661C-D0B9-45EF-BF1B-A236DEF5EEB7}.Debug|Any CPU.ActiveCfg = Debug|Any CPU
		{FAFB661C-D0B9-45EF-BF1B-A236DEF5EEB7}.Debug|Any CPU.Build.0 = Debug|Any CPU
		{FAFB661C-D0B9-45EF-BF1B-A236DEF5EEB7}.Release|Any CPU.ActiveCfg = Release|Any CPU
		{FAFB661C-D0B9-45EF-BF1B-A236DEF5EEB7}.Release|Any CPU.Build.0 = Release|Any CPU
		{6976C6F8-19BE-4D36-B92B-B5B81CA11323}.Debug|Any CPU.ActiveCfg = Debug|Any CPU
		{6976C6F8-19BE-4D36-B92B-B5B81CA11323}.Debug|Any CPU.Build.0 = Debug|Any CPU
		{6976C6F8-19BE-4D36-B92B-B5B81CA11323}.Release|Any CPU.ActiveCfg = Release|Any CPU
		{6976C6F8-19BE-4D36-B92B-B5B81CA11323}.Release|Any CPU.Build.0 = Release|Any CPU
		{8AB0FAAF-341B-407F-A83B-5CE74638DB5D}.Debug|Any CPU.ActiveCfg = Debug|Any CPU
		{8AB0FAAF-341B-407F-A83B-5CE74638DB5D}.Debug|Any CPU.Build.0 = Debug|Any CPU
		{8AB0FAAF-341B-407F-A83B-5CE74638DB5D}.Release|Any CPU.ActiveCfg = Release|Any CPU
		{8AB0FAAF-341B-407F-A83B-5CE74638DB5D}.Release|Any CPU.Build.0 = Release|Any CPU
		{2F35073D-0AE5-4CEA-A3C0-0EB1559669A1}.Debug|Any CPU.ActiveCfg = Debug|Any CPU
		{2F35073D-0AE5-4CEA-A3C0-0EB1559669A1}.Debug|Any CPU.Build.0 = Debug|Any CPU
		{2F35073D-0AE5-4CEA-A3C0-0EB1559669A1}.Release|Any CPU.ActiveCfg = Release|Any CPU
		{2F35073D-0AE5-4CEA-A3C0-0EB1559669A1}.Release|Any CPU.Build.0 = Release|Any CPU
	EndGlobalSection
	GlobalSection(SolutionProperties) = preSolution
		HideSolutionNode = FALSE
	EndGlobalSection
	GlobalSection(NestedProjects) = preSolution
		{13B78E1A-AB0A-4EE0-A442-83CCBDB8C954} = {DEBC9690-E88C-4A28-8C87-91BCA23B7331}
		{FF3B8FF9-F0C5-450F-ABBB-3049C42EF32B} = {258E9590-22EA-4119-91CA-D67A9FD5E3EB}
		{49809E19-499A-4A43-85DB-1342722A7110} = {263DF843-6A5E-4D6A-985F-75DB68AA781A}
		{6516C247-4C11-4C5E-A064-365ABE37D129} = {11FE64B2-51EE-4417-A26A-471352B25854}
		{FAFB661C-D0B9-45EF-BF1B-A236DEF5EEB7} = {2E2D0DEB-C3F5-4127-89B4-D60D52E20EF1}
		{6976C6F8-19BE-4D36-B92B-B5B81CA11323} = {2E2D0DEB-C3F5-4127-89B4-D60D52E20EF1}
		{8AB0FAAF-341B-407F-A83B-5CE74638DB5D} = {7811CCBE-281F-4A44-B567-3BD61B432EA9}
		{77B62913-FD1D-4079-B1EE-4EDA29388B73} = {7811CCBE-281F-4A44-B567-3BD61B432EA9}
		{2F35073D-0AE5-4CEA-A3C0-0EB1559669A1} = {77B62913-FD1D-4079-B1EE-4EDA29388B73}
	EndGlobalSection
	GlobalSection(ExtensibilityGlobals) = postSolution
		SolutionGuid = {A6CB3BB9-E89B-4BDD-A130-C50FAE25FA4A}
	EndGlobalSection
EndGlobal
